
Microsoft Visual Studio Solution File, Format Version 12.00
# Visual Studio Version 16
VisualStudioVersion = 16.0.30406.217
MinimumVisualStudioVersion = 10.0.40219.1
Project("{9A19103F-16F7-4668-BE54-9A1E7A4F7556}") = "Listing 1-1 Creating a thread with the Thread class", "Listing 1-1 Creating a thread with the Thread class\Listing 1-1 Creating a thread with the Thread class.csproj", "{D4B7B319-8CAD-417F-B4A1-83E022704836}"
EndProject
Project("{9A19103F-16F7-4668-BE54-9A1E7A4F7556}") = "Listing 1-2 Using a background thread", "Listing 1-2 Using a background thread\Listing 1-2 Using a background thread.csproj", "{F46DCC95-3C6F-4283-9A85-17355EF6D3A8}"
EndProject
Project("{9A19103F-16F7-4668-BE54-9A1E7A4F7556}") = "Listing 1-3 Using the ParameterizedThreadStart", "Listing 1-3 Using the ParameterizedThreadStart\Listing 1-3 Using the ParameterizedThreadStart.csproj", "{D1C7DF26-18B9-4937-A8F9-DED1A1207EAA}"
EndProject
Project("{9A19103F-16F7-4668-BE54-9A1E7A4F7556}") = "Listing 1-4 Stopping a thread", "Listing 1-4 Stopping a thread\Listing 1-4 Stopping a thread.csproj", "{7E9F8D92-7B2C-471D-85C8-700DE53B56A5}"
EndProject
Project("{9A19103F-16F7-4668-BE54-9A1E7A4F7556}") = "Listing 1-5 Using the ThreadStaticAttribute", "Listing 1-5 Using the ThreadStaticAttribute\Listing 1-5 Using the ThreadStaticAttribute.csproj", "{19208AF9-4BDC-498D-B910-B6338420CC52}"
EndProject
Project("{9A19103F-16F7-4668-BE54-9A1E7A4F7556}") = "Listing 1-6 Using ThreadLocal T", "Listing 1-6 Using ThreadLocal T\Listing 1-6 Using ThreadLocal T.csproj", "{8984DE30-A6CF-46C0-93DF-7E38977E44B3}"
EndProject
Project("{9A19103F-16F7-4668-BE54-9A1E7A4F7556}") = "Listing 1-7 Queuing some work to the thread pool", "Listing 1-7 Queuing some work to the thread pool\Listing 1-7 Queuing some work to the thread pool.csproj", "{1FCBAD1E-D671-4E76-9AB5-7D263D5BC6B9}"
EndProject
Project("{9A19103F-16F7-4668-BE54-9A1E7A4F7556}") = "Listing 1-8 Starting a new Task", "Listing 1-8 Starting a new Task\Listing 1-8 Starting a new Task.csproj", "{D33CE4FB-2A2E-4867-8679-A65B86648533}"
EndProject
Project("{9A19103F-16F7-4668-BE54-9A1E7A4F7556}") = "Listing 1-9 Using a Task that returns a value", "Listing 1-9 Using a Task that returns a value\Listing 1-9 Using a Task that returns a value.csproj", "{A8A3EAB9-3DC9-4494-A8B5-656EF2EFF5DB}"
EndProject
Project("{9A19103F-16F7-4668-BE54-9A1E7A4F7556}") = "Listing 1-10 Adding a continuation", "Listing 1-10 Adding a continuation\Listing 1-10 Adding a continuation.csproj", "{ACF5B2D9-2519-4499-8201-B0C0EA422C8B}"
EndProject
Project("{9A19103F-16F7-4668-BE54-9A1E7A4F7556}") = "Listing 1-11 Scheduling different continuation tasks", "Listing 1-11 Scheduling different continuation tasks\Listing 1-11 Scheduling different continuation tasks.csproj", "{1D39AD65-1415-46FD-9E5A-C91ACC024162}"
EndProject
Project("{9A19103F-16F7-4668-BE54-9A1E7A4F7556}") = "Listing 1-12 Attaching child tasks to a parent task", "Listing 1-12 Attaching child tasks to a parent task\Listing 1-12 Attaching child tasks to a parent task.csproj", "{DCB2C6D4-C4B6-4B7B-A14F-8B722E05968C}"
EndProject
Project("{9A19103F-16F7-4668-BE54-9A1E7A4F7556}") = "Listing 1-13 Using a TaskFactory", "Listing 1-13 Using a TaskFactory\Listing 1-13 Using a TaskFactory.csproj", "{24C48980-3378-470A-83D3-4749DA4ECB1C}"
EndProject
Project("{9A19103F-16F7-4668-BE54-9A1E7A4F7556}") = "Listing 1-14 Using Task WaitAll", "Listing 1-14 Using Task WaitAll\Listing 1-14 Using Task WaitAll.csproj", "{04399CBB-648A-4C05-86A3-AFC9656BF158}"
EndProject
Project("{9A19103F-16F7-4668-BE54-9A1E7A4F7556}") = "Listing 1-15 Using Task WaitAny", "Listing 1-15 Using Task WaitAny\Listing 1-15 Using Task WaitAny.csproj", "{CB21BCCB-AC17-4FB7-B671-823223DF4A53}"
EndProject
Project("{9A19103F-16F7-4668-BE54-9A1E7A4F7556}") = "Listing 1-16 Using Parallel For and Parallel Foreach", "Listing 1-16 Using Parallel For and Parallel Foreach\Listing 1-16 Using Parallel For and Parallel Foreach.csproj", "{AAD19DEA-AFA3-4F6B-8B0E-8C5A0FC84CE7}"
EndProject
Project("{9A19103F-16F7-4668-BE54-9A1E7A4F7556}") = "Listing 1-17 Using Parallel Break", "Listing 1-17 Using Parallel Break\Listing 1-17 Using Parallel Break.csproj", "{1B93DF72-75A1-4BC7-BDD0-D47CC1186739}"
EndProject
Project("{9A19103F-16F7-4668-BE54-9A1E7A4F7556}") = "Listing 1-18 Async and Await", "Listing 1-18 Async and Await\Listing 1-18 Async and Await.csproj", "{D8E17AD7-C28B-4BC9-8F84-5E5B8D5C0A01}"
EndProject
Project("{9A19103F-16F7-4668-BE54-9A1E7A4F7556}") = "Listing 1-19 Scalability versus responsiveness", "Listing 1-19 Scalability versus responsiveness\Listing 1-19 Scalability versus responsiveness.csproj", "{238C267A-E4E2-4642-83B9-07362EE0C413}"
EndProject
Project("{9A19103F-16F7-4668-BE54-9A1E7A4F7556}") = "Listing 1-20 Using Configure Await", "Listing 1-20 Using Configure Await\Listing 1-20 Using Configure Await.csproj", "{33922B84-616F-4581-8995-3E1D2D4E660F}"
EndProject
Project("{9A19103F-16F7-4668-BE54-9A1E7A4F7556}") = "Listing 1-21 Continuing on a thread pool instead of the UI thread", "Listing 1-21 Continuing on a thread pool instead of the UI thread\Listing 1-21 Continuing on a thread pool instead of the UI thread.csproj", "{EC2F62BF-A76A-4CB2-85BA-9E738BE06C20}"
EndProject
Project("{9A19103F-16F7-4668-BE54-9A1E7A4F7556}") = "Listing 1-22 Using As Parallel", "Listing 1-22 Using As Parallel\Listing 1-22 Using As Parallel.csproj", "{5C9B686E-DEEA-4871-B127-9E9FF204FB1A}"
EndProject
Project("{9A19103F-16F7-4668-BE54-9A1E7A4F7556}") = "Listing 1-23 Unordered parallel query", "Listing 1-23 Unordered parallel query\Listing 1-23 Unordered parallel query.csproj", "{EC09E39D-BC75-4566-8DD2-A1FE34BD299A}"
EndProject
Project("{9A19103F-16F7-4668-BE54-9A1E7A4F7556}") = "Listing 1-24 Ordered parallel query", "Listing 1-24 Ordered parallel query\Listing 1-24 Ordered parallel query.csproj", "{84575626-7024-4246-9CE2-A02CDBFA4660}"
EndProject
Project("{9A19103F-16F7-4668-BE54-9A1E7A4F7556}") = "Listing 1-25 Making a parallel query sequential", "Listing 1-25 Making a parallel query sequential\Listing 1-25 Making a parallel query sequential.csproj", "{1E94CF65-21B9-4A95-860E-2A8B32EF0962}"
EndProject
Project("{9A19103F-16F7-4668-BE54-9A1E7A4F7556}") = "Listing 1-26 Using For All", "Listing 1-26 Using For All\Listing 1-26 Using For All.csproj", "{51B8BAC0-9DE2-454A-8697-AA15E507AA0C}"
EndProject
Project("{9A19103F-16F7-4668-BE54-9A1E7A4F7556}") = "Listing 1-27 Catching Aggregate Exception", "Listing 1-27 Catching Aggregate Exception\Listing 1-27 Catching Aggregate Exception.csproj", "{321C9854-5CA9-4507-895E-C7DABB5470F7}"
EndProject
Project("{9A19103F-16F7-4668-BE54-9A1E7A4F7556}") = "Listing 1-28 Using Blocking Collection T", "Listing 1-28 Using Blocking Collection T\Listing 1-28 Using Blocking Collection T.csproj", "{4710F453-EFBD-4AD4-B1A6-6B760542F330}"
EndProject
Project("{9A19103F-16F7-4668-BE54-9A1E7A4F7556}") = "Listing 1-29 Using Get Consuming Enumerable on a Blocking Collection", "Listing 1-29 Using Get Consuming Enumerable on a Blocking Collection\Listing 1-29 Using Get Consuming Enumerable on a Blocking Collection.csproj", "{F4F7ED9F-5A39-44ED-B293-473AE6AC064F}"
EndProject
Project("{9A19103F-16F7-4668-BE54-9A1E7A4F7556}") = "Listing 1-30 Using a Concurrent Bag", "Listing 1-30 Using a Concurrent Bag\Listing 1-30 Using a Concurrent Bag.csproj", "{A994563D-755A-420C-A68A-F1B36A800BAB}"
EndProject
Project("{9A19103F-16F7-4668-BE54-9A1E7A4F7556}") = "Listing 1-31 Enumerating a Concurrent Bag", "Listing 1-31 Enumerating a Concurrent Bag\Listing 1-31 Enumerating a Concurrent Bag.csproj", "{565C3DCF-73F2-451E-89C0-2F909A232F4B}"
EndProject
Project("{9A19103F-16F7-4668-BE54-9A1E7A4F7556}") = "Listing 1-32 Using a Concurrent Stack", "Listing 1-32 Using a Concurrent Stack\Listing 1-32 Using a Concurrent Stack.csproj", "{F21E8FC8-EBCD-498D-91A7-80B1D90199EA}"
EndProject
Project("{9A19103F-16F7-4668-BE54-9A1E7A4F7556}") = "Listing 1-33 Using a Concurrent Queue", "Listing 1-33 Using a Concurrent Queue\Listing 1-33 Using a Concurrent Queue.csproj", "{84806B19-8318-4AEB-B772-D86AA63C9352}"
EndProject
Project("{9A19103F-16F7-4668-BE54-9A1E7A4F7556}") = "Listing 1-34 Using a Concurrent Dictionnary", "Listing 1-34 Using a Concurrent Dictionnary\Listing 1-34 Using a Concurrent Dictionnary.csproj", "{1239C1F5-75DD-4D6E-BB29-AE13AB8569EF}"
EndProject
Project("{9A19103F-16F7-4668-BE54-9A1E7A4F7556}") = "Listing 1-35 Accessing shared data in a multithreaded application", "Listing 1-35 Accessing shared data in a multithreaded application\Listing 1-35 Accessing shared data in a multithreaded application.csproj", "{428B34FE-6F2A-4E65-982A-C2E46AE33CAE}"
EndProject
Project("{9A19103F-16F7-4668-BE54-9A1E7A4F7556}") = "Listing 1-36 Using the lock keyword", "Listing 1-36 Using the lock keyword\Listing 1-36 Using the lock keyword.csproj", "{BC5367AD-2D5D-4782-B94F-7152AAA266F2}"
EndProject
Project("{9A19103F-16F7-4668-BE54-9A1E7A4F7556}") = "Listing 1-37 Creating a deadlock", "Listing 1-37 Creating a deadlock\Listing 1-37 Creating a deadlock.csproj", "{04E0D940-BC06-44FE-87DA-7A68A31B49F9}"
EndProject
Project("{9A19103F-16F7-4668-BE54-9A1E7A4F7556}") = "Listing 1-38 Generate code from a lock statement", "Listing 1-38 Generate code from a lock statement\Listing 1-38 Generate code from a lock statement.csproj", "{A9E9C1B6-4A29-4D9A-ACA0-C667EC57DE79}"
EndProject
Project("{9A19103F-16F7-4668-BE54-9A1E7A4F7556}") = "Listing 1-39 A potential problem with multithreaded code", "Listing 1-39 A potential problem with multithreaded code\Listing 1-39 A potential problem with multithreaded code.csproj", "{7459843D-F9F7-4FEE-9FFE-1292AD497261}"
EndProject
Project("{9A19103F-16F7-4668-BE54-9A1E7A4F7556}") = "Listing 1-40 Using the Interlocked class", "Listing 1-40 Using the Interlocked class\Listing 1-40 Using the Interlocked class.csproj", "{556E0068-0D2B-489C-B5B9-D0D96AA512B3}"
EndProject
Project("{9A19103F-16F7-4668-BE54-9A1E7A4F7556}") = "Listing 1-41 Compare and exchange as a nonatomic operation", "Listing 1-41 Compare and exchange as a nonatomic operation\Listing 1-41 Compare and exchange as a nonatomic operation.csproj", "{5E1F59C9-2DAD-410B-9498-418AA13AB137}"
EndProject
Project("{9A19103F-16F7-4668-BE54-9A1E7A4F7556}") = "Listing 1-42 Using a Cancellation Token", "Listing 1-42 Using a Cancellation Token\Listing 1-42 Using a Cancellation Token.csproj", "{78EC4565-1B71-4B4A-8088-0B08F9E3A6F2}"
EndProject
Project("{9A19103F-16F7-4668-BE54-9A1E7A4F7556}") = "Listing 1-43 Throwing Operation Canceled Exception", "Listing 1-43 Throwing Operation Canceled Exception\Listing 1-43 Throwing Operation Canceled Exception.csproj", "{A34F07B6-6C86-48A4-9273-44ACA928BF0E}"
EndProject
Project("{9A19103F-16F7-4668-BE54-9A1E7A4F7556}") = "Listing 1-44 Adding a continuation for canceled tasks", "Listing 1-44 Adding a continuation for canceled tasks\Listing 1-44 Adding a continuation for canceled tasks.csproj", "{3AE963CF-274B-4C81-AA6E-2E3C69AF0652}"
EndProject
Project("{9A19103F-16F7-4668-BE54-9A1E7A4F7556}") = "Listing 1-45 Setting a timeout on a task", "Listing 1-45 Setting a timeout on a task\Listing 1-45 Setting a timeout on a task.csproj", "{5EB8A338-928B-421F-98CF-3780FE1C8EFC}"
EndProject
Project("{9A19103F-16F7-4668-BE54-9A1E7A4F7556}") = "Listing 1-46 Using the equality operator", "Listing 1-46 Using the equality operator\Listing 1-46 Using the equality operator.csproj", "{CD83FAD4-E4CC-49B7-BF8B-C1B9655F6A84}"
EndProject
Project("{9A19103F-16F7-4668-BE54-9A1E7A4F7556}") = "Listing 1-47 Boolean OR operator", "Listing 1-47 Boolean OR operator\Listing 1-47 Boolean OR operator.csproj", "{FF4B8F6F-9B77-483B-8523-507B62D19A1B}"
EndProject
Project("{9A19103F-16F7-4668-BE54-9A1E7A4F7556}") = "Listing 1-48 Short-circuiting the OR operator", "Listing 1-48 Short-circuiting the OR operator\Listing 1-48 Short-circuiting the OR operator.csproj", "{BB5C2E16-61B3-4B09-9245-F35BB5BC0C72}"
EndProject
Project("{9A19103F-16F7-4668-BE54-9A1E7A4F7556}") = "Listing 1-49 Using the AND operator", "Listing 1-49 Using the AND operator\Listing 1-49 Using the AND operator.csproj", "{0043B245-9500-4EE5-91D4-AC2EC7CCB988}"
EndProject
Project("{9A19103F-16F7-4668-BE54-9A1E7A4F7556}") = "Listing 1-50 Short-circuiting the AND operator", "Listing 1-50 Short-circuiting the AND operator\Listing 1-50 Short-circuiting the AND operator.csproj", "{AAE8C7A7-9959-4E09-A11B-56B54AC57A12}"
EndProject
Project("{9A19103F-16F7-4668-BE54-9A1E7A4F7556}") = "Listing 1-51 Using the XOR operator", "Listing 1-51 Using the XOR operator\Listing 1-51 Using the XOR operator.csproj", "{D7148FEC-4183-495D-A394-934100669E71}"
EndProject
Project("{9A19103F-16F7-4668-BE54-9A1E7A4F7556}") = "Listing 1-52 Basic if statement", "Listing 1-52 Basic if statement\Listing 1-52 Basic if statement.csproj", "{2B0C5BD7-2A8C-412D-A8FE-4654CF5E1614}"
EndProject
Project("{9A19103F-16F7-4668-BE54-9A1E7A4F7556}") = "Listing 1-53 An if statement with code block", "Listing 1-53 An if statement with code block\Listing 1-53 An if statement with code block.csproj", "{CFE93D70-C905-4132-AC67-C5B6E277E325}"
EndProject
Project("{9A19103F-16F7-4668-BE54-9A1E7A4F7556}") = "Listing 1-54 Code blocks and scoping", "Listing 1-54 Code blocks and scoping\Listing 1-54 Code blocks and scoping.csproj", "{CF3C4D31-E81F-470D-827C-D7B3584D413A}"
EndProject
Project("{9A19103F-16F7-4668-BE54-9A1E7A4F7556}") = "Listing 1-55 Using an else statement", "Listing 1-55\Listing 1-55 Using an else statement.csproj", "{4E280F05-FCE6-4DF9-846A-714BEC0DFCE7}"
EndProject
Project("{9A19103F-16F7-4668-BE54-9A1E7A4F7556}") = "Listing 1-56 Using multiple if else statements", "Listing 1-56 Using multiple if else statements\Listing 1-56 Using multiple if else statements.csproj", "{95BAF775-BE4F-48C6-83DE-F8903F7FCFF7}"
EndProject
Project("{9A19103F-16F7-4668-BE54-9A1E7A4F7556}") = "Listing 1-57 A more readable nested if statement", "Listing 1-57 A more readable nested if statement\Listing 1-57 A more readable nested if statement.csproj", "{E6C820AC-3ACA-4DB8-8BE4-86FC13F39EB6}"
EndProject
Project("{9A19103F-16F7-4668-BE54-9A1E7A4F7556}") = "Listing 1-58 The null coalescing operator", "Listing 1-58 The null coalescing operator\Listing 1-58 The null coalescing operator.csproj", "{6B1CCAAE-6EBF-4513-AF46-91C52B6D97F1}"
EndProject
Project("{9A19103F-16F7-4668-BE54-9A1E7A4F7556}") = "Listing 1-59 Nesting the null coalescing operator", "Listing 1-59 Nesting the null coalescing operator\Listing 1-59 Nesting the null coalescing operator.csproj", "{DD199824-3A3E-4C17-B0FD-AC64C4FB6001}"
EndProject
Project("{9A19103F-16F7-4668-BE54-9A1E7A4F7556}") = "Listing 1-60 The conditional operator", "Listing 1-60 The conditional operator\Listing 1-60 The conditional operator.csproj", "{9B861B8C-2F95-492E-928F-14388CCE4F4C}"
EndProject
Project("{9A19103F-16F7-4668-BE54-9A1E7A4F7556}") = "Listing 1-61 A complex if statement", "Listing 1-61 A complex if statement\Listing 1-61 A complex if statement.csproj", "{83A5FBF8-3DB4-42BD-9621-D2B260177036}"
EndProject
Project("{9A19103F-16F7-4668-BE54-9A1E7A4F7556}") = "Listing 1-62 A switch statement", "Listing 1-62 A switch statement\Listing 1-62 A switch statement.csproj", "{64F6CC76-345C-4062-8F72-05299FA08011}"
EndProject
Project("{FAE04EC0-301F-11D3-BF4B-00C04F79EFBC}") = "Listing 1-63 goto in a switch statement", "Listing 1-63 goto in a switch statement\Listing 1-63 goto in a switch statement.csproj", "{F3149478-E608-427A-BD94-B9A6EA143946}"
EndProject
Global
	GlobalSection(SolutionConfigurationPlatforms) = preSolution
		Debug|Any CPU = Debug|Any CPU
		Release|Any CPU = Release|Any CPU
	EndGlobalSection
	GlobalSection(ProjectConfigurationPlatforms) = postSolution
		{D4B7B319-8CAD-417F-B4A1-83E022704836}.Debug|Any CPU.ActiveCfg = Debug|Any CPU
		{D4B7B319-8CAD-417F-B4A1-83E022704836}.Debug|Any CPU.Build.0 = Debug|Any CPU
		{D4B7B319-8CAD-417F-B4A1-83E022704836}.Release|Any CPU.ActiveCfg = Release|Any CPU
		{D4B7B319-8CAD-417F-B4A1-83E022704836}.Release|Any CPU.Build.0 = Release|Any CPU
		{F46DCC95-3C6F-4283-9A85-17355EF6D3A8}.Debug|Any CPU.ActiveCfg = Debug|Any CPU
		{F46DCC95-3C6F-4283-9A85-17355EF6D3A8}.Debug|Any CPU.Build.0 = Debug|Any CPU
		{F46DCC95-3C6F-4283-9A85-17355EF6D3A8}.Release|Any CPU.ActiveCfg = Release|Any CPU
		{F46DCC95-3C6F-4283-9A85-17355EF6D3A8}.Release|Any CPU.Build.0 = Release|Any CPU
		{D1C7DF26-18B9-4937-A8F9-DED1A1207EAA}.Debug|Any CPU.ActiveCfg = Debug|Any CPU
		{D1C7DF26-18B9-4937-A8F9-DED1A1207EAA}.Debug|Any CPU.Build.0 = Debug|Any CPU
		{D1C7DF26-18B9-4937-A8F9-DED1A1207EAA}.Release|Any CPU.ActiveCfg = Release|Any CPU
		{D1C7DF26-18B9-4937-A8F9-DED1A1207EAA}.Release|Any CPU.Build.0 = Release|Any CPU
		{7E9F8D92-7B2C-471D-85C8-700DE53B56A5}.Debug|Any CPU.ActiveCfg = Debug|Any CPU
		{7E9F8D92-7B2C-471D-85C8-700DE53B56A5}.Debug|Any CPU.Build.0 = Debug|Any CPU
		{7E9F8D92-7B2C-471D-85C8-700DE53B56A5}.Release|Any CPU.ActiveCfg = Release|Any CPU
		{7E9F8D92-7B2C-471D-85C8-700DE53B56A5}.Release|Any CPU.Build.0 = Release|Any CPU
		{19208AF9-4BDC-498D-B910-B6338420CC52}.Debug|Any CPU.ActiveCfg = Debug|Any CPU
		{19208AF9-4BDC-498D-B910-B6338420CC52}.Debug|Any CPU.Build.0 = Debug|Any CPU
		{19208AF9-4BDC-498D-B910-B6338420CC52}.Release|Any CPU.ActiveCfg = Release|Any CPU
		{19208AF9-4BDC-498D-B910-B6338420CC52}.Release|Any CPU.Build.0 = Release|Any CPU
		{8984DE30-A6CF-46C0-93DF-7E38977E44B3}.Debug|Any CPU.ActiveCfg = Debug|Any CPU
		{8984DE30-A6CF-46C0-93DF-7E38977E44B3}.Debug|Any CPU.Build.0 = Debug|Any CPU
		{8984DE30-A6CF-46C0-93DF-7E38977E44B3}.Release|Any CPU.ActiveCfg = Release|Any CPU
		{8984DE30-A6CF-46C0-93DF-7E38977E44B3}.Release|Any CPU.Build.0 = Release|Any CPU
		{1FCBAD1E-D671-4E76-9AB5-7D263D5BC6B9}.Debug|Any CPU.ActiveCfg = Debug|Any CPU
		{1FCBAD1E-D671-4E76-9AB5-7D263D5BC6B9}.Debug|Any CPU.Build.0 = Debug|Any CPU
		{1FCBAD1E-D671-4E76-9AB5-7D263D5BC6B9}.Release|Any CPU.ActiveCfg = Release|Any CPU
		{1FCBAD1E-D671-4E76-9AB5-7D263D5BC6B9}.Release|Any CPU.Build.0 = Release|Any CPU
		{D33CE4FB-2A2E-4867-8679-A65B86648533}.Debug|Any CPU.ActiveCfg = Debug|Any CPU
		{D33CE4FB-2A2E-4867-8679-A65B86648533}.Debug|Any CPU.Build.0 = Debug|Any CPU
		{D33CE4FB-2A2E-4867-8679-A65B86648533}.Release|Any CPU.ActiveCfg = Release|Any CPU
		{D33CE4FB-2A2E-4867-8679-A65B86648533}.Release|Any CPU.Build.0 = Release|Any CPU
		{A8A3EAB9-3DC9-4494-A8B5-656EF2EFF5DB}.Debug|Any CPU.ActiveCfg = Debug|Any CPU
		{A8A3EAB9-3DC9-4494-A8B5-656EF2EFF5DB}.Debug|Any CPU.Build.0 = Debug|Any CPU
		{A8A3EAB9-3DC9-4494-A8B5-656EF2EFF5DB}.Release|Any CPU.ActiveCfg = Release|Any CPU
		{A8A3EAB9-3DC9-4494-A8B5-656EF2EFF5DB}.Release|Any CPU.Build.0 = Release|Any CPU
		{ACF5B2D9-2519-4499-8201-B0C0EA422C8B}.Debug|Any CPU.ActiveCfg = Debug|Any CPU
		{ACF5B2D9-2519-4499-8201-B0C0EA422C8B}.Debug|Any CPU.Build.0 = Debug|Any CPU
		{ACF5B2D9-2519-4499-8201-B0C0EA422C8B}.Release|Any CPU.ActiveCfg = Release|Any CPU
		{ACF5B2D9-2519-4499-8201-B0C0EA422C8B}.Release|Any CPU.Build.0 = Release|Any CPU
		{1D39AD65-1415-46FD-9E5A-C91ACC024162}.Debug|Any CPU.ActiveCfg = Debug|Any CPU
		{1D39AD65-1415-46FD-9E5A-C91ACC024162}.Debug|Any CPU.Build.0 = Debug|Any CPU
		{1D39AD65-1415-46FD-9E5A-C91ACC024162}.Release|Any CPU.ActiveCfg = Release|Any CPU
		{1D39AD65-1415-46FD-9E5A-C91ACC024162}.Release|Any CPU.Build.0 = Release|Any CPU
		{DCB2C6D4-C4B6-4B7B-A14F-8B722E05968C}.Debug|Any CPU.ActiveCfg = Debug|Any CPU
		{DCB2C6D4-C4B6-4B7B-A14F-8B722E05968C}.Debug|Any CPU.Build.0 = Debug|Any CPU
		{DCB2C6D4-C4B6-4B7B-A14F-8B722E05968C}.Release|Any CPU.ActiveCfg = Release|Any CPU
		{DCB2C6D4-C4B6-4B7B-A14F-8B722E05968C}.Release|Any CPU.Build.0 = Release|Any CPU
		{24C48980-3378-470A-83D3-4749DA4ECB1C}.Debug|Any CPU.ActiveCfg = Debug|Any CPU
		{24C48980-3378-470A-83D3-4749DA4ECB1C}.Debug|Any CPU.Build.0 = Debug|Any CPU
		{24C48980-3378-470A-83D3-4749DA4ECB1C}.Release|Any CPU.ActiveCfg = Release|Any CPU
		{24C48980-3378-470A-83D3-4749DA4ECB1C}.Release|Any CPU.Build.0 = Release|Any CPU
		{04399CBB-648A-4C05-86A3-AFC9656BF158}.Debug|Any CPU.ActiveCfg = Debug|Any CPU
		{04399CBB-648A-4C05-86A3-AFC9656BF158}.Debug|Any CPU.Build.0 = Debug|Any CPU
		{04399CBB-648A-4C05-86A3-AFC9656BF158}.Release|Any CPU.ActiveCfg = Release|Any CPU
		{04399CBB-648A-4C05-86A3-AFC9656BF158}.Release|Any CPU.Build.0 = Release|Any CPU
		{CB21BCCB-AC17-4FB7-B671-823223DF4A53}.Debug|Any CPU.ActiveCfg = Debug|Any CPU
		{CB21BCCB-AC17-4FB7-B671-823223DF4A53}.Debug|Any CPU.Build.0 = Debug|Any CPU
		{CB21BCCB-AC17-4FB7-B671-823223DF4A53}.Release|Any CPU.ActiveCfg = Release|Any CPU
		{CB21BCCB-AC17-4FB7-B671-823223DF4A53}.Release|Any CPU.Build.0 = Release|Any CPU
		{AAD19DEA-AFA3-4F6B-8B0E-8C5A0FC84CE7}.Debug|Any CPU.ActiveCfg = Debug|Any CPU
		{AAD19DEA-AFA3-4F6B-8B0E-8C5A0FC84CE7}.Debug|Any CPU.Build.0 = Debug|Any CPU
		{AAD19DEA-AFA3-4F6B-8B0E-8C5A0FC84CE7}.Release|Any CPU.ActiveCfg = Release|Any CPU
		{AAD19DEA-AFA3-4F6B-8B0E-8C5A0FC84CE7}.Release|Any CPU.Build.0 = Release|Any CPU
		{1B93DF72-75A1-4BC7-BDD0-D47CC1186739}.Debug|Any CPU.ActiveCfg = Debug|Any CPU
		{1B93DF72-75A1-4BC7-BDD0-D47CC1186739}.Debug|Any CPU.Build.0 = Debug|Any CPU
		{1B93DF72-75A1-4BC7-BDD0-D47CC1186739}.Release|Any CPU.ActiveCfg = Release|Any CPU
		{1B93DF72-75A1-4BC7-BDD0-D47CC1186739}.Release|Any CPU.Build.0 = Release|Any CPU
		{D8E17AD7-C28B-4BC9-8F84-5E5B8D5C0A01}.Debug|Any CPU.ActiveCfg = Debug|Any CPU
		{D8E17AD7-C28B-4BC9-8F84-5E5B8D5C0A01}.Debug|Any CPU.Build.0 = Debug|Any CPU
		{D8E17AD7-C28B-4BC9-8F84-5E5B8D5C0A01}.Release|Any CPU.ActiveCfg = Release|Any CPU
		{D8E17AD7-C28B-4BC9-8F84-5E5B8D5C0A01}.Release|Any CPU.Build.0 = Release|Any CPU
		{238C267A-E4E2-4642-83B9-07362EE0C413}.Debug|Any CPU.ActiveCfg = Debug|Any CPU
		{238C267A-E4E2-4642-83B9-07362EE0C413}.Debug|Any CPU.Build.0 = Debug|Any CPU
		{238C267A-E4E2-4642-83B9-07362EE0C413}.Release|Any CPU.ActiveCfg = Release|Any CPU
		{238C267A-E4E2-4642-83B9-07362EE0C413}.Release|Any CPU.Build.0 = Release|Any CPU
		{33922B84-616F-4581-8995-3E1D2D4E660F}.Debug|Any CPU.ActiveCfg = Debug|Any CPU
		{33922B84-616F-4581-8995-3E1D2D4E660F}.Debug|Any CPU.Build.0 = Debug|Any CPU
		{33922B84-616F-4581-8995-3E1D2D4E660F}.Release|Any CPU.ActiveCfg = Release|Any CPU
		{33922B84-616F-4581-8995-3E1D2D4E660F}.Release|Any CPU.Build.0 = Release|Any CPU
		{EC2F62BF-A76A-4CB2-85BA-9E738BE06C20}.Debug|Any CPU.ActiveCfg = Debug|Any CPU
		{EC2F62BF-A76A-4CB2-85BA-9E738BE06C20}.Debug|Any CPU.Build.0 = Debug|Any CPU
		{EC2F62BF-A76A-4CB2-85BA-9E738BE06C20}.Release|Any CPU.ActiveCfg = Release|Any CPU
		{EC2F62BF-A76A-4CB2-85BA-9E738BE06C20}.Release|Any CPU.Build.0 = Release|Any CPU
		{5C9B686E-DEEA-4871-B127-9E9FF204FB1A}.Debug|Any CPU.ActiveCfg = Debug|Any CPU
		{5C9B686E-DEEA-4871-B127-9E9FF204FB1A}.Debug|Any CPU.Build.0 = Debug|Any CPU
		{5C9B686E-DEEA-4871-B127-9E9FF204FB1A}.Release|Any CPU.ActiveCfg = Release|Any CPU
		{5C9B686E-DEEA-4871-B127-9E9FF204FB1A}.Release|Any CPU.Build.0 = Release|Any CPU
		{EC09E39D-BC75-4566-8DD2-A1FE34BD299A}.Debug|Any CPU.ActiveCfg = Debug|Any CPU
		{EC09E39D-BC75-4566-8DD2-A1FE34BD299A}.Debug|Any CPU.Build.0 = Debug|Any CPU
		{EC09E39D-BC75-4566-8DD2-A1FE34BD299A}.Release|Any CPU.ActiveCfg = Release|Any CPU
		{EC09E39D-BC75-4566-8DD2-A1FE34BD299A}.Release|Any CPU.Build.0 = Release|Any CPU
		{84575626-7024-4246-9CE2-A02CDBFA4660}.Debug|Any CPU.ActiveCfg = Debug|Any CPU
		{84575626-7024-4246-9CE2-A02CDBFA4660}.Debug|Any CPU.Build.0 = Debug|Any CPU
		{84575626-7024-4246-9CE2-A02CDBFA4660}.Release|Any CPU.ActiveCfg = Release|Any CPU
		{84575626-7024-4246-9CE2-A02CDBFA4660}.Release|Any CPU.Build.0 = Release|Any CPU
		{1E94CF65-21B9-4A95-860E-2A8B32EF0962}.Debug|Any CPU.ActiveCfg = Debug|Any CPU
		{1E94CF65-21B9-4A95-860E-2A8B32EF0962}.Debug|Any CPU.Build.0 = Debug|Any CPU
		{1E94CF65-21B9-4A95-860E-2A8B32EF0962}.Release|Any CPU.ActiveCfg = Release|Any CPU
		{1E94CF65-21B9-4A95-860E-2A8B32EF0962}.Release|Any CPU.Build.0 = Release|Any CPU
		{51B8BAC0-9DE2-454A-8697-AA15E507AA0C}.Debug|Any CPU.ActiveCfg = Debug|Any CPU
		{51B8BAC0-9DE2-454A-8697-AA15E507AA0C}.Debug|Any CPU.Build.0 = Debug|Any CPU
		{51B8BAC0-9DE2-454A-8697-AA15E507AA0C}.Release|Any CPU.ActiveCfg = Release|Any CPU
		{51B8BAC0-9DE2-454A-8697-AA15E507AA0C}.Release|Any CPU.Build.0 = Release|Any CPU
		{321C9854-5CA9-4507-895E-C7DABB5470F7}.Debug|Any CPU.ActiveCfg = Debug|Any CPU
		{321C9854-5CA9-4507-895E-C7DABB5470F7}.Debug|Any CPU.Build.0 = Debug|Any CPU
		{321C9854-5CA9-4507-895E-C7DABB5470F7}.Release|Any CPU.ActiveCfg = Release|Any CPU
		{321C9854-5CA9-4507-895E-C7DABB5470F7}.Release|Any CPU.Build.0 = Release|Any CPU
		{4710F453-EFBD-4AD4-B1A6-6B760542F330}.Debug|Any CPU.ActiveCfg = Debug|Any CPU
		{4710F453-EFBD-4AD4-B1A6-6B760542F330}.Debug|Any CPU.Build.0 = Debug|Any CPU
		{4710F453-EFBD-4AD4-B1A6-6B760542F330}.Release|Any CPU.ActiveCfg = Release|Any CPU
		{4710F453-EFBD-4AD4-B1A6-6B760542F330}.Release|Any CPU.Build.0 = Release|Any CPU
		{F4F7ED9F-5A39-44ED-B293-473AE6AC064F}.Debug|Any CPU.ActiveCfg = Debug|Any CPU
		{F4F7ED9F-5A39-44ED-B293-473AE6AC064F}.Debug|Any CPU.Build.0 = Debug|Any CPU
		{F4F7ED9F-5A39-44ED-B293-473AE6AC064F}.Release|Any CPU.ActiveCfg = Release|Any CPU
		{F4F7ED9F-5A39-44ED-B293-473AE6AC064F}.Release|Any CPU.Build.0 = Release|Any CPU
		{A994563D-755A-420C-A68A-F1B36A800BAB}.Debug|Any CPU.ActiveCfg = Debug|Any CPU
		{A994563D-755A-420C-A68A-F1B36A800BAB}.Debug|Any CPU.Build.0 = Debug|Any CPU
		{A994563D-755A-420C-A68A-F1B36A800BAB}.Release|Any CPU.ActiveCfg = Release|Any CPU
		{A994563D-755A-420C-A68A-F1B36A800BAB}.Release|Any CPU.Build.0 = Release|Any CPU
		{565C3DCF-73F2-451E-89C0-2F909A232F4B}.Debug|Any CPU.ActiveCfg = Debug|Any CPU
		{565C3DCF-73F2-451E-89C0-2F909A232F4B}.Debug|Any CPU.Build.0 = Debug|Any CPU
		{565C3DCF-73F2-451E-89C0-2F909A232F4B}.Release|Any CPU.ActiveCfg = Release|Any CPU
		{565C3DCF-73F2-451E-89C0-2F909A232F4B}.Release|Any CPU.Build.0 = Release|Any CPU
		{F21E8FC8-EBCD-498D-91A7-80B1D90199EA}.Debug|Any CPU.ActiveCfg = Debug|Any CPU
		{F21E8FC8-EBCD-498D-91A7-80B1D90199EA}.Debug|Any CPU.Build.0 = Debug|Any CPU
		{F21E8FC8-EBCD-498D-91A7-80B1D90199EA}.Release|Any CPU.ActiveCfg = Release|Any CPU
		{F21E8FC8-EBCD-498D-91A7-80B1D90199EA}.Release|Any CPU.Build.0 = Release|Any CPU
		{84806B19-8318-4AEB-B772-D86AA63C9352}.Debug|Any CPU.ActiveCfg = Debug|Any CPU
		{84806B19-8318-4AEB-B772-D86AA63C9352}.Debug|Any CPU.Build.0 = Debug|Any CPU
		{84806B19-8318-4AEB-B772-D86AA63C9352}.Release|Any CPU.ActiveCfg = Release|Any CPU
		{84806B19-8318-4AEB-B772-D86AA63C9352}.Release|Any CPU.Build.0 = Release|Any CPU
		{1239C1F5-75DD-4D6E-BB29-AE13AB8569EF}.Debug|Any CPU.ActiveCfg = Debug|Any CPU
		{1239C1F5-75DD-4D6E-BB29-AE13AB8569EF}.Debug|Any CPU.Build.0 = Debug|Any CPU
		{1239C1F5-75DD-4D6E-BB29-AE13AB8569EF}.Release|Any CPU.ActiveCfg = Release|Any CPU
		{1239C1F5-75DD-4D6E-BB29-AE13AB8569EF}.Release|Any CPU.Build.0 = Release|Any CPU
		{428B34FE-6F2A-4E65-982A-C2E46AE33CAE}.Debug|Any CPU.ActiveCfg = Debug|Any CPU
		{428B34FE-6F2A-4E65-982A-C2E46AE33CAE}.Debug|Any CPU.Build.0 = Debug|Any CPU
		{428B34FE-6F2A-4E65-982A-C2E46AE33CAE}.Release|Any CPU.ActiveCfg = Release|Any CPU
		{428B34FE-6F2A-4E65-982A-C2E46AE33CAE}.Release|Any CPU.Build.0 = Release|Any CPU
		{BC5367AD-2D5D-4782-B94F-7152AAA266F2}.Debug|Any CPU.ActiveCfg = Debug|Any CPU
		{BC5367AD-2D5D-4782-B94F-7152AAA266F2}.Debug|Any CPU.Build.0 = Debug|Any CPU
		{BC5367AD-2D5D-4782-B94F-7152AAA266F2}.Release|Any CPU.ActiveCfg = Release|Any CPU
		{BC5367AD-2D5D-4782-B94F-7152AAA266F2}.Release|Any CPU.Build.0 = Release|Any CPU
		{04E0D940-BC06-44FE-87DA-7A68A31B49F9}.Debug|Any CPU.ActiveCfg = Debug|Any CPU
		{04E0D940-BC06-44FE-87DA-7A68A31B49F9}.Debug|Any CPU.Build.0 = Debug|Any CPU
		{04E0D940-BC06-44FE-87DA-7A68A31B49F9}.Release|Any CPU.ActiveCfg = Release|Any CPU
		{04E0D940-BC06-44FE-87DA-7A68A31B49F9}.Release|Any CPU.Build.0 = Release|Any CPU
		{A9E9C1B6-4A29-4D9A-ACA0-C667EC57DE79}.Debug|Any CPU.ActiveCfg = Debug|Any CPU
		{A9E9C1B6-4A29-4D9A-ACA0-C667EC57DE79}.Debug|Any CPU.Build.0 = Debug|Any CPU
		{A9E9C1B6-4A29-4D9A-ACA0-C667EC57DE79}.Release|Any CPU.ActiveCfg = Release|Any CPU
		{A9E9C1B6-4A29-4D9A-ACA0-C667EC57DE79}.Release|Any CPU.Build.0 = Release|Any CPU
		{7459843D-F9F7-4FEE-9FFE-1292AD497261}.Debug|Any CPU.ActiveCfg = Debug|Any CPU
		{7459843D-F9F7-4FEE-9FFE-1292AD497261}.Debug|Any CPU.Build.0 = Debug|Any CPU
		{7459843D-F9F7-4FEE-9FFE-1292AD497261}.Release|Any CPU.ActiveCfg = Release|Any CPU
		{7459843D-F9F7-4FEE-9FFE-1292AD497261}.Release|Any CPU.Build.0 = Release|Any CPU
		{556E0068-0D2B-489C-B5B9-D0D96AA512B3}.Debug|Any CPU.ActiveCfg = Debug|Any CPU
		{556E0068-0D2B-489C-B5B9-D0D96AA512B3}.Debug|Any CPU.Build.0 = Debug|Any CPU
		{556E0068-0D2B-489C-B5B9-D0D96AA512B3}.Release|Any CPU.ActiveCfg = Release|Any CPU
		{556E0068-0D2B-489C-B5B9-D0D96AA512B3}.Release|Any CPU.Build.0 = Release|Any CPU
		{5E1F59C9-2DAD-410B-9498-418AA13AB137}.Debug|Any CPU.ActiveCfg = Debug|Any CPU
		{5E1F59C9-2DAD-410B-9498-418AA13AB137}.Debug|Any CPU.Build.0 = Debug|Any CPU
		{5E1F59C9-2DAD-410B-9498-418AA13AB137}.Release|Any CPU.ActiveCfg = Release|Any CPU
		{5E1F59C9-2DAD-410B-9498-418AA13AB137}.Release|Any CPU.Build.0 = Release|Any CPU
		{78EC4565-1B71-4B4A-8088-0B08F9E3A6F2}.Debug|Any CPU.ActiveCfg = Debug|Any CPU
		{78EC4565-1B71-4B4A-8088-0B08F9E3A6F2}.Debug|Any CPU.Build.0 = Debug|Any CPU
		{78EC4565-1B71-4B4A-8088-0B08F9E3A6F2}.Release|Any CPU.ActiveCfg = Release|Any CPU
		{78EC4565-1B71-4B4A-8088-0B08F9E3A6F2}.Release|Any CPU.Build.0 = Release|Any CPU
		{A34F07B6-6C86-48A4-9273-44ACA928BF0E}.Debug|Any CPU.ActiveCfg = Debug|Any CPU
		{A34F07B6-6C86-48A4-9273-44ACA928BF0E}.Debug|Any CPU.Build.0 = Debug|Any CPU
		{A34F07B6-6C86-48A4-9273-44ACA928BF0E}.Release|Any CPU.ActiveCfg = Release|Any CPU
		{A34F07B6-6C86-48A4-9273-44ACA928BF0E}.Release|Any CPU.Build.0 = Release|Any CPU
		{3AE963CF-274B-4C81-AA6E-2E3C69AF0652}.Debug|Any CPU.ActiveCfg = Debug|Any CPU
		{3AE963CF-274B-4C81-AA6E-2E3C69AF0652}.Debug|Any CPU.Build.0 = Debug|Any CPU
		{3AE963CF-274B-4C81-AA6E-2E3C69AF0652}.Release|Any CPU.ActiveCfg = Release|Any CPU
		{3AE963CF-274B-4C81-AA6E-2E3C69AF0652}.Release|Any CPU.Build.0 = Release|Any CPU
		{5EB8A338-928B-421F-98CF-3780FE1C8EFC}.Debug|Any CPU.ActiveCfg = Debug|Any CPU
		{5EB8A338-928B-421F-98CF-3780FE1C8EFC}.Debug|Any CPU.Build.0 = Debug|Any CPU
		{5EB8A338-928B-421F-98CF-3780FE1C8EFC}.Release|Any CPU.ActiveCfg = Release|Any CPU
		{5EB8A338-928B-421F-98CF-3780FE1C8EFC}.Release|Any CPU.Build.0 = Release|Any CPU
		{CD83FAD4-E4CC-49B7-BF8B-C1B9655F6A84}.Debug|Any CPU.ActiveCfg = Debug|Any CPU
		{CD83FAD4-E4CC-49B7-BF8B-C1B9655F6A84}.Debug|Any CPU.Build.0 = Debug|Any CPU
		{CD83FAD4-E4CC-49B7-BF8B-C1B9655F6A84}.Release|Any CPU.ActiveCfg = Release|Any CPU
		{CD83FAD4-E4CC-49B7-BF8B-C1B9655F6A84}.Release|Any CPU.Build.0 = Release|Any CPU
		{FF4B8F6F-9B77-483B-8523-507B62D19A1B}.Debug|Any CPU.ActiveCfg = Debug|Any CPU
		{FF4B8F6F-9B77-483B-8523-507B62D19A1B}.Debug|Any CPU.Build.0 = Debug|Any CPU
		{FF4B8F6F-9B77-483B-8523-507B62D19A1B}.Release|Any CPU.ActiveCfg = Release|Any CPU
		{FF4B8F6F-9B77-483B-8523-507B62D19A1B}.Release|Any CPU.Build.0 = Release|Any CPU
		{BB5C2E16-61B3-4B09-9245-F35BB5BC0C72}.Debug|Any CPU.ActiveCfg = Debug|Any CPU
		{BB5C2E16-61B3-4B09-9245-F35BB5BC0C72}.Debug|Any CPU.Build.0 = Debug|Any CPU
		{BB5C2E16-61B3-4B09-9245-F35BB5BC0C72}.Release|Any CPU.ActiveCfg = Release|Any CPU
		{BB5C2E16-61B3-4B09-9245-F35BB5BC0C72}.Release|Any CPU.Build.0 = Release|Any CPU
		{0043B245-9500-4EE5-91D4-AC2EC7CCB988}.Debug|Any CPU.ActiveCfg = Debug|Any CPU
		{0043B245-9500-4EE5-91D4-AC2EC7CCB988}.Debug|Any CPU.Build.0 = Debug|Any CPU
		{0043B245-9500-4EE5-91D4-AC2EC7CCB988}.Release|Any CPU.ActiveCfg = Release|Any CPU
		{0043B245-9500-4EE5-91D4-AC2EC7CCB988}.Release|Any CPU.Build.0 = Release|Any CPU
		{AAE8C7A7-9959-4E09-A11B-56B54AC57A12}.Debug|Any CPU.ActiveCfg = Debug|Any CPU
		{AAE8C7A7-9959-4E09-A11B-56B54AC57A12}.Debug|Any CPU.Build.0 = Debug|Any CPU
		{AAE8C7A7-9959-4E09-A11B-56B54AC57A12}.Release|Any CPU.ActiveCfg = Release|Any CPU
		{AAE8C7A7-9959-4E09-A11B-56B54AC57A12}.Release|Any CPU.Build.0 = Release|Any CPU
		{D7148FEC-4183-495D-A394-934100669E71}.Debug|Any CPU.ActiveCfg = Debug|Any CPU
		{D7148FEC-4183-495D-A394-934100669E71}.Debug|Any CPU.Build.0 = Debug|Any CPU
		{D7148FEC-4183-495D-A394-934100669E71}.Release|Any CPU.ActiveCfg = Release|Any CPU
		{D7148FEC-4183-495D-A394-934100669E71}.Release|Any CPU.Build.0 = Release|Any CPU
		{2B0C5BD7-2A8C-412D-A8FE-4654CF5E1614}.Debug|Any CPU.ActiveCfg = Debug|Any CPU
		{2B0C5BD7-2A8C-412D-A8FE-4654CF5E1614}.Debug|Any CPU.Build.0 = Debug|Any CPU
		{2B0C5BD7-2A8C-412D-A8FE-4654CF5E1614}.Release|Any CPU.ActiveCfg = Release|Any CPU
		{2B0C5BD7-2A8C-412D-A8FE-4654CF5E1614}.Release|Any CPU.Build.0 = Release|Any CPU
		{CFE93D70-C905-4132-AC67-C5B6E277E325}.Debug|Any CPU.ActiveCfg = Debug|Any CPU
		{CFE93D70-C905-4132-AC67-C5B6E277E325}.Debug|Any CPU.Build.0 = Debug|Any CPU
		{CFE93D70-C905-4132-AC67-C5B6E277E325}.Release|Any CPU.ActiveCfg = Release|Any CPU
		{CFE93D70-C905-4132-AC67-C5B6E277E325}.Release|Any CPU.Build.0 = Release|Any CPU
		{CF3C4D31-E81F-470D-827C-D7B3584D413A}.Debug|Any CPU.ActiveCfg = Debug|Any CPU
		{CF3C4D31-E81F-470D-827C-D7B3584D413A}.Debug|Any CPU.Build.0 = Debug|Any CPU
		{CF3C4D31-E81F-470D-827C-D7B3584D413A}.Release|Any CPU.ActiveCfg = Release|Any CPU
		{CF3C4D31-E81F-470D-827C-D7B3584D413A}.Release|Any CPU.Build.0 = Release|Any CPU
		{4E280F05-FCE6-4DF9-846A-714BEC0DFCE7}.Debug|Any CPU.ActiveCfg = Debug|Any CPU
		{4E280F05-FCE6-4DF9-846A-714BEC0DFCE7}.Debug|Any CPU.Build.0 = Debug|Any CPU
		{4E280F05-FCE6-4DF9-846A-714BEC0DFCE7}.Release|Any CPU.ActiveCfg = Release|Any CPU
		{4E280F05-FCE6-4DF9-846A-714BEC0DFCE7}.Release|Any CPU.Build.0 = Release|Any CPU
		{95BAF775-BE4F-48C6-83DE-F8903F7FCFF7}.Debug|Any CPU.ActiveCfg = Debug|Any CPU
		{95BAF775-BE4F-48C6-83DE-F8903F7FCFF7}.Debug|Any CPU.Build.0 = Debug|Any CPU
		{95BAF775-BE4F-48C6-83DE-F8903F7FCFF7}.Release|Any CPU.ActiveCfg = Release|Any CPU
		{95BAF775-BE4F-48C6-83DE-F8903F7FCFF7}.Release|Any CPU.Build.0 = Release|Any CPU
		{E6C820AC-3ACA-4DB8-8BE4-86FC13F39EB6}.Debug|Any CPU.ActiveCfg = Debug|Any CPU
		{E6C820AC-3ACA-4DB8-8BE4-86FC13F39EB6}.Debug|Any CPU.Build.0 = Debug|Any CPU
		{E6C820AC-3ACA-4DB8-8BE4-86FC13F39EB6}.Release|Any CPU.ActiveCfg = Release|Any CPU
		{E6C820AC-3ACA-4DB8-8BE4-86FC13F39EB6}.Release|Any CPU.Build.0 = Release|Any CPU
		{6B1CCAAE-6EBF-4513-AF46-91C52B6D97F1}.Debug|Any CPU.ActiveCfg = Debug|Any CPU
		{6B1CCAAE-6EBF-4513-AF46-91C52B6D97F1}.Debug|Any CPU.Build.0 = Debug|Any CPU
		{6B1CCAAE-6EBF-4513-AF46-91C52B6D97F1}.Release|Any CPU.ActiveCfg = Release|Any CPU
		{6B1CCAAE-6EBF-4513-AF46-91C52B6D97F1}.Release|Any CPU.Build.0 = Release|Any CPU
		{DD199824-3A3E-4C17-B0FD-AC64C4FB6001}.Debug|Any CPU.ActiveCfg = Debug|Any CPU
		{DD199824-3A3E-4C17-B0FD-AC64C4FB6001}.Debug|Any CPU.Build.0 = Debug|Any CPU
		{DD199824-3A3E-4C17-B0FD-AC64C4FB6001}.Release|Any CPU.ActiveCfg = Release|Any CPU
		{DD199824-3A3E-4C17-B0FD-AC64C4FB6001}.Release|Any CPU.Build.0 = Release|Any CPU
		{9B861B8C-2F95-492E-928F-14388CCE4F4C}.Debug|Any CPU.ActiveCfg = Debug|Any CPU
		{9B861B8C-2F95-492E-928F-14388CCE4F4C}.Debug|Any CPU.Build.0 = Debug|Any CPU
		{9B861B8C-2F95-492E-928F-14388CCE4F4C}.Release|Any CPU.ActiveCfg = Release|Any CPU
		{9B861B8C-2F95-492E-928F-14388CCE4F4C}.Release|Any CPU.Build.0 = Release|Any CPU
		{83A5FBF8-3DB4-42BD-9621-D2B260177036}.Debug|Any CPU.ActiveCfg = Debug|Any CPU
		{83A5FBF8-3DB4-42BD-9621-D2B260177036}.Debug|Any CPU.Build.0 = Debug|Any CPU
		{83A5FBF8-3DB4-42BD-9621-D2B260177036}.Release|Any CPU.ActiveCfg = Release|Any CPU
		{83A5FBF8-3DB4-42BD-9621-D2B260177036}.Release|Any CPU.Build.0 = Release|Any CPU
		{64F6CC76-345C-4062-8F72-05299FA08011}.Debug|Any CPU.ActiveCfg = Debug|Any CPU
		{64F6CC76-345C-4062-8F72-05299FA08011}.Debug|Any CPU.Build.0 = Debug|Any CPU
		{64F6CC76-345C-4062-8F72-05299FA08011}.Release|Any CPU.ActiveCfg = Release|Any CPU
		{64F6CC76-345C-4062-8F72-05299FA08011}.Release|Any CPU.Build.0 = Release|Any CPU
		{F3149478-E608-427A-BD94-B9A6EA143946}.Debug|Any CPU.ActiveCfg = Debug|Any CPU
		{F3149478-E608-427A-BD94-B9A6EA143946}.Debug|Any CPU.Build.0 = Debug|Any CPU
		{F3149478-E608-427A-BD94-B9A6EA143946}.Release|Any CPU.ActiveCfg = Release|Any CPU
		{F3149478-E608-427A-BD94-B9A6EA143946}.Release|Any CPU.Build.0 = Release|Any CPU
	EndGlobalSection
	GlobalSection(SolutionProperties) = preSolution
		HideSolutionNode = FALSE
	EndGlobalSection
	GlobalSection(ExtensibilityGlobals) = postSolution
		SolutionGuid = {CFC17ECC-4F61-4371-BBA7-382FF7D4F67D}
	EndGlobalSection
EndGlobal
