
Microsoft Visual Studio Solution File, Format Version 12.00
# Visual Studio Version 16
VisualStudioVersion = 16.0.30406.217
MinimumVisualStudioVersion = 10.0.40219.1
Project("{FAE04EC0-301F-11D3-BF4B-00C04F79EFBC}") = "Listing 1-1 Creating a thread with the Thread class", "Listing 1-1 Creating a thread with the Thread class\Listing 1-1 Creating a thread with the Thread class.csproj", "{D4B7B319-8CAD-417F-B4A1-83E022704836}"
EndProject
Global
	GlobalSection(SolutionConfigurationPlatforms) = preSolution
		Debug|Any CPU = Debug|Any CPU
		Release|Any CPU = Release|Any CPU
	EndGlobalSection
	GlobalSection(ProjectConfigurationPlatforms) = postSolution
		{D4B7B319-8CAD-417F-B4A1-83E022704836}.Debug|Any CPU.ActiveCfg = Debug|Any CPU
		{D4B7B319-8CAD-417F-B4A1-83E022704836}.Debug|Any CPU.Build.0 = Debug|Any CPU
		{D4B7B319-8CAD-417F-B4A1-83E022704836}.Release|Any CPU.ActiveCfg = Release|Any CPU
		{D4B7B319-8CAD-417F-B4A1-83E022704836}.Release|Any CPU.Build.0 = Release|Any CPU
	EndGlobalSection
	GlobalSection(SolutionProperties) = preSolution
		HideSolutionNode = FALSE
	EndGlobalSection
	GlobalSection(ExtensibilityGlobals) = postSolution
		SolutionGuid = {CFC17ECC-4F61-4371-BBA7-382FF7D4F67D}
	EndGlobalSection
EndGlobal
